// !$*UTF8*$!
{
	archiveVersion = 1;
	classes = {
	};
	objectVersion = 55;
	objects = {

/* Begin PBXBuildFile section */
		D318B8DC2791F59D0004F042 /* Utils.swift in Sources */ = {isa = PBXBuildFile; fileRef = D318B8DB2791F59D0004F042 /* Utils.swift */; };
		D318B8DE2791F5B20004F042 /* Constants.swift in Sources */ = {isa = PBXBuildFile; fileRef = D318B8DD2791F5B20004F042 /* Constants.swift */; };
		D39946972796D76E005E8D46 /* HomeView.swift in Sources */ = {isa = PBXBuildFile; fileRef = D39946962796D76E005E8D46 /* HomeView.swift */; };
		D3B0644C27961A0D007A7BBE /* genres-movie-app.json in Resources */ = {isa = PBXBuildFile; fileRef = D3B0644B27961A0D007A7BBE /* genres-movie-app.json */; };
		D3B0644E27961B27007A7BBE /* GenresModel.swift in Sources */ = {isa = PBXBuildFile; fileRef = D3B0644D27961B27007A7BBE /* GenresModel.swift */; };
		D3B0645527961BAB007A7BBE /* GenresViewModel.swift in Sources */ = {isa = PBXBuildFile; fileRef = D3B0645027961BAB007A7BBE /* GenresViewModel.swift */; };
		D3B0645627961BAB007A7BBE /* GenresProvider.swift in Sources */ = {isa = PBXBuildFile; fileRef = D3B0645127961BAB007A7BBE /* GenresProvider.swift */; };
		D3B0645727961BAB007A7BBE /* GenresView.swift in Sources */ = {isa = PBXBuildFile; fileRef = D3B0645227961BAB007A7BBE /* GenresView.swift */; };
		D3B0645827961BAB007A7BBE /* GenresCoordinator.swift in Sources */ = {isa = PBXBuildFile; fileRef = D3B0645327961BAB007A7BBE /* GenresCoordinator.swift */; };
		D3B0645927961BAB007A7BBE /* GenresInteractor.swift in Sources */ = {isa = PBXBuildFile; fileRef = D3B0645427961BAB007A7BBE /* GenresInteractor.swift */; };
		D3B0645C27961C54007A7BBE /* BaseVip.swift in Sources */ = {isa = PBXBuildFile; fileRef = D3B0645B27961C54007A7BBE /* BaseVip.swift */; };
		D3B0646027961CC2007A7BBE /* NetworkService.swift in Sources */ = {isa = PBXBuildFile; fileRef = D3B0645E27961CC2007A7BBE /* NetworkService.swift */; };
		D3B0646127961CC2007A7BBE /* NetworkError.swift in Sources */ = {isa = PBXBuildFile; fileRef = D3B0645F27961CC2007A7BBE /* NetworkError.swift */; };
		D3B06466279624D5007A7BBE /* NewGenresModel.swift in Sources */ = {isa = PBXBuildFile; fileRef = D3B06465279624D5007A7BBE /* NewGenresModel.swift */; };
		D3E06C77278B26320008E72A /* CinemaViewApp.swift in Sources */ = {isa = PBXBuildFile; fileRef = D3E06C76278B26320008E72A /* CinemaViewApp.swift */; };
		D3E06C79278B26320008E72A /* ContentView.swift in Sources */ = {isa = PBXBuildFile; fileRef = D3E06C78278B26320008E72A /* ContentView.swift */; };
		D3E06C7B278B26320008E72A /* Assets.xcassets in Resources */ = {isa = PBXBuildFile; fileRef = D3E06C7A278B26320008E72A /* Assets.xcassets */; };
		D3E06C7E278B26320008E72A /* Preview Assets.xcassets in Resources */ = {isa = PBXBuildFile; fileRef = D3E06C7D278B26320008E72A /* Preview Assets.xcassets */; };
/* End PBXBuildFile section */

/* Begin PBXFileReference section */
		D318B8DB2791F59D0004F042 /* Utils.swift */ = {isa = PBXFileReference; lastKnownFileType = sourcecode.swift; path = Utils.swift; sourceTree = "<group>"; };
		D318B8DD2791F5B20004F042 /* Constants.swift */ = {isa = PBXFileReference; lastKnownFileType = sourcecode.swift; path = Constants.swift; sourceTree = "<group>"; };
		D39946962796D76E005E8D46 /* HomeView.swift */ = {isa = PBXFileReference; lastKnownFileType = sourcecode.swift; path = HomeView.swift; sourceTree = "<group>"; };
		D3B0644B27961A0D007A7BBE /* genres-movie-app.json */ = {isa = PBXFileReference; fileEncoding = 4; lastKnownFileType = text.json; path = "genres-movie-app.json"; sourceTree = "<group>"; };
		D3B0644D27961B27007A7BBE /* GenresModel.swift */ = {isa = PBXFileReference; lastKnownFileType = sourcecode.swift; path = GenresModel.swift; sourceTree = "<group>"; };
		D3B0645027961BAB007A7BBE /* GenresViewModel.swift */ = {isa = PBXFileReference; lastKnownFileType = sourcecode.swift; path = GenresViewModel.swift; sourceTree = "<group>"; };
		D3B0645127961BAB007A7BBE /* GenresProvider.swift */ = {isa = PBXFileReference; lastKnownFileType = sourcecode.swift; path = GenresProvider.swift; sourceTree = "<group>"; };
		D3B0645227961BAB007A7BBE /* GenresView.swift */ = {isa = PBXFileReference; lastKnownFileType = sourcecode.swift; path = GenresView.swift; sourceTree = "<group>"; };
		D3B0645327961BAB007A7BBE /* GenresCoordinator.swift */ = {isa = PBXFileReference; lastKnownFileType = sourcecode.swift; path = GenresCoordinator.swift; sourceTree = "<group>"; };
		D3B0645427961BAB007A7BBE /* GenresInteractor.swift */ = {isa = PBXFileReference; lastKnownFileType = sourcecode.swift; path = GenresInteractor.swift; sourceTree = "<group>"; };
		D3B0645B27961C54007A7BBE /* BaseVip.swift */ = {isa = PBXFileReference; lastKnownFileType = sourcecode.swift; path = BaseVip.swift; sourceTree = "<group>"; };
		D3B0645E27961CC2007A7BBE /* NetworkService.swift */ = {isa = PBXFileReference; fileEncoding = 4; lastKnownFileType = sourcecode.swift; path = NetworkService.swift; sourceTree = "<group>"; };
		D3B0645F27961CC2007A7BBE /* NetworkError.swift */ = {isa = PBXFileReference; fileEncoding = 4; lastKnownFileType = sourcecode.swift; path = NetworkError.swift; sourceTree = "<group>"; };
		D3B06465279624D5007A7BBE /* NewGenresModel.swift */ = {isa = PBXFileReference; lastKnownFileType = sourcecode.swift; path = NewGenresModel.swift; sourceTree = "<group>"; };
		D3E06C73278B26320008E72A /* CinemaView.app */ = {isa = PBXFileReference; explicitFileType = wrapper.application; includeInIndex = 0; path = CinemaView.app; sourceTree = BUILT_PRODUCTS_DIR; };
		D3E06C76278B26320008E72A /* CinemaViewApp.swift */ = {isa = PBXFileReference; lastKnownFileType = sourcecode.swift; path = CinemaViewApp.swift; sourceTree = "<group>"; };
		D3E06C78278B26320008E72A /* ContentView.swift */ = {isa = PBXFileReference; lastKnownFileType = sourcecode.swift; path = ContentView.swift; sourceTree = "<group>"; };
		D3E06C7A278B26320008E72A /* Assets.xcassets */ = {isa = PBXFileReference; lastKnownFileType = folder.assetcatalog; path = Assets.xcassets; sourceTree = "<group>"; };
		D3E06C7D278B26320008E72A /* Preview Assets.xcassets */ = {isa = PBXFileReference; lastKnownFileType = folder.assetcatalog; path = "Preview Assets.xcassets"; sourceTree = "<group>"; };
/* End PBXFileReference section */

/* Begin PBXFrameworksBuildPhase section */
		D3E06C70278B26320008E72A /* Frameworks */ = {
			isa = PBXFrameworksBuildPhase;
			buildActionMask = 2147483647;
			files = (
			);
			runOnlyForDeploymentPostprocessing = 0;
		};
/* End PBXFrameworksBuildPhase section */

/* Begin PBXGroup section */
		D39946932796D6D5005E8D46 /* Home */ = {
			isa = PBXGroup;
			children = (
				D39946962796D76E005E8D46 /* HomeView.swift */,
			);
			path = Home;
			sourceTree = "<group>";
		};
		D3B0644F27961B9C007A7BBE /* GenresView */ = {
			isa = PBXGroup;
			children = (
				D3B0645027961BAB007A7BBE /* GenresViewModel.swift */,
				D3B0645227961BAB007A7BBE /* GenresView.swift */,
				D3B0645427961BAB007A7BBE /* GenresInteractor.swift */,
				D3B0645127961BAB007A7BBE /* GenresProvider.swift */,
				D3B0645327961BAB007A7BBE /* GenresCoordinator.swift */,
			);
			path = GenresView;
			sourceTree = "<group>";
		};
		D3B0645A27961C0C007A7BBE /* BaseVIP */ = {
			isa = PBXGroup;
			children = (
				D3B0645B27961C54007A7BBE /* BaseVip.swift */,
			);
			path = BaseVIP;
			sourceTree = "<group>";
		};
		D3B0645D27961CC2007A7BBE /* WebService */ = {
			isa = PBXGroup;
			children = (
				D3B0645E27961CC2007A7BBE /* NetworkService.swift */,
				D3B0645F27961CC2007A7BBE /* NetworkError.swift */,
			);
			path = WebService;
			sourceTree = "<group>";
		};
		D3B06462279622C4007A7BBE /* ModelView */ = {
			isa = PBXGroup;
			children = (
				D3B06465279624D5007A7BBE /* NewGenresModel.swift */,
			);
			path = ModelView;
			sourceTree = "<group>";
		};
		D3D188092791906400C0F351 /* Resources */ = {
			isa = PBXGroup;
			children = (
				D3B0644B27961A0D007A7BBE /* genres-movie-app.json */,
			);
			path = Resources;
			sourceTree = "<group>";
		};
		D3D1880A2791907700C0F351 /* Core App */ = {
			isa = PBXGroup;
			children = (
				D3E06C76278B26320008E72A /* CinemaViewApp.swift */,
				D3E06C78278B26320008E72A /* ContentView.swift */,
			);
			path = "Core App";
			sourceTree = "<group>";
		};
		D3D1880B279190ED00C0F351 /* Models */ = {
			isa = PBXGroup;
			children = (
				D3B0644D27961B27007A7BBE /* GenresModel.swift */,
			);
			path = Models;
			sourceTree = "<group>";
		};
		D3D1880C2791911B00C0F351 /* Views */ = {
			isa = PBXGroup;
			children = (
				D39946932796D6D5005E8D46 /* Home */,
				D3B0644F27961B9C007A7BBE /* GenresView */,
			);
			path = Views;
			sourceTree = "<group>";
		};
		D3D1880D2791915B00C0F351 /* Utils+Helpers */ = {
			isa = PBXGroup;
			children = (
				D318B8DB2791F59D0004F042 /* Utils.swift */,
				D318B8DD2791F5B20004F042 /* Constants.swift */,
			);
			path = "Utils+Helpers";
			sourceTree = "<group>";
		};
		D3E06C6A278B26320008E72A = {
			isa = PBXGroup;
			children = (
				D3E06C75278B26320008E72A /* CinemaView */,
				D3E06C74278B26320008E72A /* Products */,
			);
			sourceTree = "<group>";
		};
		D3E06C74278B26320008E72A /* Products */ = {
			isa = PBXGroup;
			children = (
				D3E06C73278B26320008E72A /* CinemaView.app */,
			);
			name = Products;
			sourceTree = "<group>";
		};
		D3E06C75278B26320008E72A /* CinemaView */ = {
			isa = PBXGroup;
			children = (
				D3D1880D2791915B00C0F351 /* Utils+Helpers */,
				D3B0645D27961CC2007A7BBE /* WebService */,
				D3D188092791906400C0F351 /* Resources */,
				D3B06462279622C4007A7BBE /* ModelView */,
				D3D1880B279190ED00C0F351 /* Models */,
				D3D1880C2791911B00C0F351 /* Views */,
				D3B0645A27961C0C007A7BBE /* BaseVIP */,
				D3D1880A2791907700C0F351 /* Core App */,
				D3E06C7A278B26320008E72A /* Assets.xcassets */,
				D3E06C7C278B26320008E72A /* Preview Content */,
			);
			path = CinemaView;
			sourceTree = "<group>";
		};
		D3E06C7C278B26320008E72A /* Preview Content */ = {
			isa = PBXGroup;
			children = (
				D3E06C7D278B26320008E72A /* Preview Assets.xcassets */,
			);
			path = "Preview Content";
			sourceTree = "<group>";
		};
/* End PBXGroup section */

/* Begin PBXNativeTarget section */
		D3E06C72278B26320008E72A /* CinemaView */ = {
			isa = PBXNativeTarget;
			buildConfigurationList = D3E06C81278B26320008E72A /* Build configuration list for PBXNativeTarget "CinemaView" */;
			buildPhases = (
				D3E06C6F278B26320008E72A /* Sources */,
				D3E06C70278B26320008E72A /* Frameworks */,
				D3E06C71278B26320008E72A /* Resources */,
			);
			buildRules = (
			);
			dependencies = (
			);
			name = CinemaView;
			productName = CinemaView;
			productReference = D3E06C73278B26320008E72A /* CinemaView.app */;
			productType = "com.apple.product-type.application";
		};
/* End PBXNativeTarget section */

/* Begin PBXProject section */
		D3E06C6B278B26320008E72A /* Project object */ = {
			isa = PBXProject;
			attributes = {
				BuildIndependentTargetsInParallel = 1;
				LastSwiftUpdateCheck = 1320;
				LastUpgradeCheck = 1320;
				TargetAttributes = {
					D3E06C72278B26320008E72A = {
						CreatedOnToolsVersion = 13.2.1;
					};
				};
			};
			buildConfigurationList = D3E06C6E278B26320008E72A /* Build configuration list for PBXProject "CinemaView" */;
			compatibilityVersion = "Xcode 13.0";
			developmentRegion = en;
			hasScannedForEncodings = 0;
			knownRegions = (
				en,
				Base,
				es,
			);
			mainGroup = D3E06C6A278B26320008E72A;
			productRefGroup = D3E06C74278B26320008E72A /* Products */;
			projectDirPath = "";
			projectRoot = "";
			targets = (
				D3E06C72278B26320008E72A /* CinemaView */,
			);
		};
/* End PBXProject section */

/* Begin PBXResourcesBuildPhase section */
		D3E06C71278B26320008E72A /* Resources */ = {
			isa = PBXResourcesBuildPhase;
			buildActionMask = 2147483647;
			files = (
				D3E06C7E278B26320008E72A /* Preview Assets.xcassets in Resources */,
				D3E06C7B278B26320008E72A /* Assets.xcassets in Resources */,
				D3B0644C27961A0D007A7BBE /* genres-movie-app.json in Resources */,
			);
			runOnlyForDeploymentPostprocessing = 0;
		};
/* End PBXResourcesBuildPhase section */

/* Begin PBXSourcesBuildPhase section */
		D3E06C6F278B26320008E72A /* Sources */ = {
			isa = PBXSourcesBuildPhase;
			buildActionMask = 2147483647;
			files = (
				D3B0645927961BAB007A7BBE /* GenresInteractor.swift in Sources */,
				D3B0645627961BAB007A7BBE /* GenresProvider.swift in Sources */,
				D3B0645827961BAB007A7BBE /* GenresCoordinator.swift in Sources */,
				D39946972796D76E005E8D46 /* HomeView.swift in Sources */,
				D3E06C79278B26320008E72A /* ContentView.swift in Sources */,
				D3B0645727961BAB007A7BBE /* GenresView.swift in Sources */,
				D3E06C77278B26320008E72A /* CinemaViewApp.swift in Sources */,
				D318B8DC2791F59D0004F042 /* Utils.swift in Sources */,
				D318B8DE2791F5B20004F042 /* Constants.swift in Sources */,
				D3B0645527961BAB007A7BBE /* GenresViewModel.swift in Sources */,
				D3B0645C27961C54007A7BBE /* BaseVip.swift in Sources */,
				D3B06466279624D5007A7BBE /* NewGenresModel.swift in Sources */,
				D3B0646127961CC2007A7BBE /* NetworkError.swift in Sources */,
				D3B0646027961CC2007A7BBE /* NetworkService.swift in Sources */,
				D3B0644E27961B27007A7BBE /* GenresModel.swift in Sources */,
			);
			runOnlyForDeploymentPostprocessing = 0;
		};
/* End PBXSourcesBuildPhase section */

/* Begin XCBuildConfiguration section */
		D3E06C7F278B26320008E72A /* Debug */ = {
			isa = XCBuildConfiguration;
			buildSettings = {
				ALWAYS_SEARCH_USER_PATHS = NO;
				CLANG_ANALYZER_NONNULL = YES;
				CLANG_ANALYZER_NUMBER_OBJECT_CONVERSION = YES_AGGRESSIVE;
				CLANG_CXX_LANGUAGE_STANDARD = "gnu++17";
				CLANG_CXX_LIBRARY = "libc++";
				CLANG_ENABLE_MODULES = YES;
				CLANG_ENABLE_OBJC_ARC = YES;
				CLANG_ENABLE_OBJC_WEAK = YES;
				CLANG_WARN_BLOCK_CAPTURE_AUTORELEASING = YES;
				CLANG_WARN_BOOL_CONVERSION = YES;
				CLANG_WARN_COMMA = YES;
				CLANG_WARN_CONSTANT_CONVERSION = YES;
				CLANG_WARN_DEPRECATED_OBJC_IMPLEMENTATIONS = YES;
				CLANG_WARN_DIRECT_OBJC_ISA_USAGE = YES_ERROR;
				CLANG_WARN_DOCUMENTATION_COMMENTS = YES;
				CLANG_WARN_EMPTY_BODY = YES;
				CLANG_WARN_ENUM_CONVERSION = YES;
				CLANG_WARN_INFINITE_RECURSION = YES;
				CLANG_WARN_INT_CONVERSION = YES;
				CLANG_WARN_NON_LITERAL_NULL_CONVERSION = YES;
				CLANG_WARN_OBJC_IMPLICIT_RETAIN_SELF = YES;
				CLANG_WARN_OBJC_LITERAL_CONVERSION = YES;
				CLANG_WARN_OBJC_ROOT_CLASS = YES_ERROR;
				CLANG_WARN_QUOTED_INCLUDE_IN_FRAMEWORK_HEADER = YES;
				CLANG_WARN_RANGE_LOOP_ANALYSIS = YES;
				CLANG_WARN_STRICT_PROTOTYPES = YES;
				CLANG_WARN_SUSPICIOUS_MOVE = YES;
				CLANG_WARN_UNGUARDED_AVAILABILITY = YES_AGGRESSIVE;
				CLANG_WARN_UNREACHABLE_CODE = YES;
				CLANG_WARN__DUPLICATE_METHOD_MATCH = YES;
				COPY_PHASE_STRIP = NO;
				DEBUG_INFORMATION_FORMAT = dwarf;
				ENABLE_STRICT_OBJC_MSGSEND = YES;
				ENABLE_TESTABILITY = YES;
				GCC_C_LANGUAGE_STANDARD = gnu11;
				GCC_DYNAMIC_NO_PIC = NO;
				GCC_NO_COMMON_BLOCKS = YES;
				GCC_OPTIMIZATION_LEVEL = 0;
				GCC_PREPROCESSOR_DEFINITIONS = (
					"DEBUG=1",
					"$(inherited)",
				);
				GCC_WARN_64_TO_32_BIT_CONVERSION = YES;
				GCC_WARN_ABOUT_RETURN_TYPE = YES_ERROR;
				GCC_WARN_UNDECLARED_SELECTOR = YES;
				GCC_WARN_UNINITIALIZED_AUTOS = YES_AGGRESSIVE;
				GCC_WARN_UNUSED_FUNCTION = YES;
				GCC_WARN_UNUSED_VARIABLE = YES;
				IPHONEOS_DEPLOYMENT_TARGET = 15.2;
				MTL_ENABLE_DEBUG_INFO = INCLUDE_SOURCE;
				MTL_FAST_MATH = YES;
				ONLY_ACTIVE_ARCH = YES;
				SDKROOT = iphoneos;
				SWIFT_ACTIVE_COMPILATION_CONDITIONS = DEBUG;
				SWIFT_OPTIMIZATION_LEVEL = "-Onone";
			};
			name = Debug;
		};
		D3E06C80278B26320008E72A /* Release */ = {
			isa = XCBuildConfiguration;
			buildSettings = {
				ALWAYS_SEARCH_USER_PATHS = NO;
				CLANG_ANALYZER_NONNULL = YES;
				CLANG_ANALYZER_NUMBER_OBJECT_CONVERSION = YES_AGGRESSIVE;
				CLANG_CXX_LANGUAGE_STANDARD = "gnu++17";
				CLANG_CXX_LIBRARY = "libc++";
				CLANG_ENABLE_MODULES = YES;
				CLANG_ENABLE_OBJC_ARC = YES;
				CLANG_ENABLE_OBJC_WEAK = YES;
				CLANG_WARN_BLOCK_CAPTURE_AUTORELEASING = YES;
				CLANG_WARN_BOOL_CONVERSION = YES;
				CLANG_WARN_COMMA = YES;
				CLANG_WARN_CONSTANT_CONVERSION = YES;
				CLANG_WARN_DEPRECATED_OBJC_IMPLEMENTATIONS = YES;
				CLANG_WARN_DIRECT_OBJC_ISA_USAGE = YES_ERROR;
				CLANG_WARN_DOCUMENTATION_COMMENTS = YES;
				CLANG_WARN_EMPTY_BODY = YES;
				CLANG_WARN_ENUM_CONVERSION = YES;
				CLANG_WARN_INFINITE_RECURSION = YES;
				CLANG_WARN_INT_CONVERSION = YES;
				CLANG_WARN_NON_LITERAL_NULL_CONVERSION = YES;
				CLANG_WARN_OBJC_IMPLICIT_RETAIN_SELF = YES;
				CLANG_WARN_OBJC_LITERAL_CONVERSION = YES;
				CLANG_WARN_OBJC_ROOT_CLASS = YES_ERROR;
				CLANG_WARN_QUOTED_INCLUDE_IN_FRAMEWORK_HEADER = YES;
				CLANG_WARN_RANGE_LOOP_ANALYSIS = YES;
				CLANG_WARN_STRICT_PROTOTYPES = YES;
				CLANG_WARN_SUSPICIOUS_MOVE = YES;
				CLANG_WARN_UNGUARDED_AVAILABILITY = YES_AGGRESSIVE;
				CLANG_WARN_UNREACHABLE_CODE = YES;
				CLANG_WARN__DUPLICATE_METHOD_MATCH = YES;
				COPY_PHASE_STRIP = NO;
				DEBUG_INFORMATION_FORMAT = "dwarf-with-dsym";
				ENABLE_NS_ASSERTIONS = NO;
				ENABLE_STRICT_OBJC_MSGSEND = YES;
				GCC_C_LANGUAGE_STANDARD = gnu11;
				GCC_NO_COMMON_BLOCKS = YES;
				GCC_WARN_64_TO_32_BIT_CONVERSION = YES;
				GCC_WARN_ABOUT_RETURN_TYPE = YES_ERROR;
				GCC_WARN_UNDECLARED_SELECTOR = YES;
				GCC_WARN_UNINITIALIZED_AUTOS = YES_AGGRESSIVE;
				GCC_WARN_UNUSED_FUNCTION = YES;
				GCC_WARN_UNUSED_VARIABLE = YES;
				IPHONEOS_DEPLOYMENT_TARGET = 15.2;
				MTL_ENABLE_DEBUG_INFO = NO;
				MTL_FAST_MATH = YES;
				SDKROOT = iphoneos;
				SWIFT_COMPILATION_MODE = wholemodule;
				SWIFT_OPTIMIZATION_LEVEL = "-O";
				VALIDATE_PRODUCT = YES;
			};
			name = Release;
		};
		D3E06C82278B26320008E72A /* Debug */ = {
			isa = XCBuildConfiguration;
			buildSettings = {
				ASSETCATALOG_COMPILER_APPICON_NAME = AppIcon;
				ASSETCATALOG_COMPILER_GLOBAL_ACCENT_COLOR_NAME = AccentColor;
				CODE_SIGN_STYLE = Automatic;
				CURRENT_PROJECT_VERSION = 1;
				DEVELOPMENT_ASSET_PATHS = "\"CinemaView/Preview Content\"";
				DEVELOPMENT_TEAM = BK28MGPK85;
				ENABLE_PREVIEWS = YES;
				GENERATE_INFOPLIST_FILE = YES;
				INFOPLIST_KEY_UIApplicationSceneManifest_Generation = YES;
				INFOPLIST_KEY_UIApplicationSupportsIndirectInputEvents = YES;
				INFOPLIST_KEY_UILaunchScreen_Generation = YES;
				INFOPLIST_KEY_UISupportedInterfaceOrientations_iPad = "UIInterfaceOrientationPortrait UIInterfaceOrientationPortraitUpsideDown UIInterfaceOrientationLandscapeLeft UIInterfaceOrientationLandscapeRight";
				INFOPLIST_KEY_UISupportedInterfaceOrientations_iPhone = "UIInterfaceOrientationPortrait UIInterfaceOrientationLandscapeLeft UIInterfaceOrientationLandscapeRight";
				LD_RUNPATH_SEARCH_PATHS = (
					"$(inherited)",
					"@executable_path/Frameworks",
				);
				MARKETING_VERSION = 1.0;
				PRODUCT_BUNDLE_IDENTIFIER = Momo.CinemaView;
				PRODUCT_NAME = "$(TARGET_NAME)";
				SWIFT_EMIT_LOC_STRINGS = YES;
				SWIFT_VERSION = 5.0;
				TARGETED_DEVICE_FAMILY = 1;
			};
			name = Debug;
		};
		D3E06C83278B26320008E72A /* Release */ = {
			isa = XCBuildConfiguration;
			buildSettings = {
				ASSETCATALOG_COMPILER_APPICON_NAME = AppIcon;
				ASSETCATALOG_COMPILER_GLOBAL_ACCENT_COLOR_NAME = AccentColor;
				CODE_SIGN_STYLE = Automatic;
				CURRENT_PROJECT_VERSION = 1;
				DEVELOPMENT_ASSET_PATHS = "\"CinemaView/Preview Content\"";
				DEVELOPMENT_TEAM = BK28MGPK85;
				ENABLE_PREVIEWS = YES;
				GENERATE_INFOPLIST_FILE = YES;
				INFOPLIST_KEY_UIApplicationSceneManifest_Generation = YES;
				INFOPLIST_KEY_UIApplicationSupportsIndirectInputEvents = YES;
				INFOPLIST_KEY_UILaunchScreen_Generation = YES;
				INFOPLIST_KEY_UISupportedInterfaceOrientations_iPad = "UIInterfaceOrientationPortrait UIInterfaceOrientationPortraitUpsideDown UIInterfaceOrientationLandscapeLeft UIInterfaceOrientationLandscapeRight";
				INFOPLIST_KEY_UISupportedInterfaceOrientations_iPhone = "UIInterfaceOrientationPortrait UIInterfaceOrientationLandscapeLeft UIInterfaceOrientationLandscapeRight";
				LD_RUNPATH_SEARCH_PATHS = (
					"$(inherited)",
					"@executable_path/Frameworks",
				);
				MARKETING_VERSION = 1.0;
				PRODUCT_BUNDLE_IDENTIFIER = Momo.CinemaView;
				PRODUCT_NAME = "$(TARGET_NAME)";
				SWIFT_EMIT_LOC_STRINGS = YES;
				SWIFT_VERSION = 5.0;
				TARGETED_DEVICE_FAMILY = 1;
			};
			name = Release;
		};
/* End XCBuildConfiguration section */

/* Begin XCConfigurationList section */
		D3E06C6E278B26320008E72A /* Build configuration list for PBXProject "CinemaView" */ = {
			isa = XCConfigurationList;
			buildConfigurations = (
				D3E06C7F278B26320008E72A /* Debug */,
				D3E06C80278B26320008E72A /* Release */,
			);
			defaultConfigurationIsVisible = 0;
			defaultConfigurationName = Release;
		};
		D3E06C81278B26320008E72A /* Build configuration list for PBXNativeTarget "CinemaView" */ = {
			isa = XCConfigurationList;
			buildConfigurations = (
				D3E06C82278B26320008E72A /* Debug */,
				D3E06C83278B26320008E72A /* Release */,
			);
			defaultConfigurationIsVisible = 0;
			defaultConfigurationName = Release;
		};
/* End XCConfigurationList section */
	};
	rootObject = D3E06C6B278B26320008E72A /* Project object */;
}
