// !$*UTF8*$!
{
	archiveVersion = 1;
	classes = {
	};
	objectVersion = 55;
	objects = {

/* Begin PBXBuildFile section */
		D318B8DC2791F59D0004F042 /* Utils.swift in Sources */ = {isa = PBXBuildFile; fileRef = D318B8DB2791F59D0004F042 /* Utils.swift */; };
		D318B8DE2791F5B20004F042 /* Constants.swift in Sources */ = {isa = PBXBuildFile; fileRef = D318B8DD2791F5B20004F042 /* Constants.swift */; };
		D37FFEE9279DE2E0005CDD81 /* ImageLoader.swift in Sources */ = {isa = PBXBuildFile; fileRef = D37FFEE8279DE2E0005CDD81 /* ImageLoader.swift */; };
		D38D06D2279981AC002F871B /* DetailGenresViewModel.swift in Sources */ = {isa = PBXBuildFile; fileRef = D38D06CD279981AC002F871B /* DetailGenresViewModel.swift */; };
		D38D06D3279981AC002F871B /* DetailGenresProvider.swift in Sources */ = {isa = PBXBuildFile; fileRef = D38D06CE279981AC002F871B /* DetailGenresProvider.swift */; };
		D38D06D4279981AC002F871B /* DetailGenresView.swift in Sources */ = {isa = PBXBuildFile; fileRef = D38D06CF279981AC002F871B /* DetailGenresView.swift */; };
		D38D06D5279981AC002F871B /* DetailGenresCoordinator.swift in Sources */ = {isa = PBXBuildFile; fileRef = D38D06D0279981AC002F871B /* DetailGenresCoordinator.swift */; };
		D38D06D6279981AC002F871B /* DetailGenresInteractor.swift in Sources */ = {isa = PBXBuildFile; fileRef = D38D06D1279981AC002F871B /* DetailGenresInteractor.swift */; };
		D38D06D827998488002F871B /* NewMoviesModel.swift in Sources */ = {isa = PBXBuildFile; fileRef = D38D06D727998488002F871B /* NewMoviesModel.swift */; };
		D3912AC2279C608600CD8E5E /* TitleSectionView.swift in Sources */ = {isa = PBXBuildFile; fileRef = D3912AC1279C608600CD8E5E /* TitleSectionView.swift */; };
		D39946972796D76E005E8D46 /* HomeView.swift in Sources */ = {isa = PBXBuildFile; fileRef = D39946962796D76E005E8D46 /* HomeView.swift */; };
		D39FC3CF279849CF001F294B /* EmojiView.swift in Sources */ = {isa = PBXBuildFile; fileRef = D39FC3CE279849CF001F294B /* EmojiView.swift */; };
		D3B0644C27961A0D007A7BBE /* Genres.json in Resources */ = {isa = PBXBuildFile; fileRef = D3B0644B27961A0D007A7BBE /* Genres.json */; };
		D3B0644E27961B27007A7BBE /* GenresModel.swift in Sources */ = {isa = PBXBuildFile; fileRef = D3B0644D27961B27007A7BBE /* GenresModel.swift */; };
		D3B0645527961BAB007A7BBE /* GenresViewModel.swift in Sources */ = {isa = PBXBuildFile; fileRef = D3B0645027961BAB007A7BBE /* GenresViewModel.swift */; };
		D3B0645627961BAB007A7BBE /* GenresProvider.swift in Sources */ = {isa = PBXBuildFile; fileRef = D3B0645127961BAB007A7BBE /* GenresProvider.swift */; };
		D3B0645727961BAB007A7BBE /* GenresView.swift in Sources */ = {isa = PBXBuildFile; fileRef = D3B0645227961BAB007A7BBE /* GenresView.swift */; };
		D3B0645827961BAB007A7BBE /* GenresCoordinator.swift in Sources */ = {isa = PBXBuildFile; fileRef = D3B0645327961BAB007A7BBE /* GenresCoordinator.swift */; };
		D3B0645927961BAB007A7BBE /* GenresInteractor.swift in Sources */ = {isa = PBXBuildFile; fileRef = D3B0645427961BAB007A7BBE /* GenresInteractor.swift */; };
		D3B0645C27961C54007A7BBE /* BaseVip.swift in Sources */ = {isa = PBXBuildFile; fileRef = D3B0645B27961C54007A7BBE /* BaseVip.swift */; };
		D3B0646027961CC2007A7BBE /* NetworkService.swift in Sources */ = {isa = PBXBuildFile; fileRef = D3B0645E27961CC2007A7BBE /* NetworkService.swift */; };
		D3B0646127961CC2007A7BBE /* NetworkError.swift in Sources */ = {isa = PBXBuildFile; fileRef = D3B0645F27961CC2007A7BBE /* NetworkError.swift */; };
		D3B06466279624D5007A7BBE /* NewGenresModel.swift in Sources */ = {isa = PBXBuildFile; fileRef = D3B06465279624D5007A7BBE /* NewGenresModel.swift */; };
		D3C09AA627A150C9005C546F /* MoviesViewModel.swift in Sources */ = {isa = PBXBuildFile; fileRef = D3C09AA127A150C9005C546F /* MoviesViewModel.swift */; };
		D3C09AA727A150C9005C546F /* MoviesProvider.swift in Sources */ = {isa = PBXBuildFile; fileRef = D3C09AA227A150C9005C546F /* MoviesProvider.swift */; };
		D3C09AA827A150C9005C546F /* MoviesView.swift in Sources */ = {isa = PBXBuildFile; fileRef = D3C09AA327A150C9005C546F /* MoviesView.swift */; };
		D3C09AA927A150C9005C546F /* MoviesCoordinator.swift in Sources */ = {isa = PBXBuildFile; fileRef = D3C09AA427A150C9005C546F /* MoviesCoordinator.swift */; };
		D3C09AAA27A150C9005C546F /* MoviesInteractor.swift in Sources */ = {isa = PBXBuildFile; fileRef = D3C09AA527A150C9005C546F /* MoviesInteractor.swift */; };
		D3C09AAE27A1532B005C546F /* MoviesModel.swift in Sources */ = {isa = PBXBuildFile; fileRef = D3C09AAD27A1532B005C546F /* MoviesModel.swift */; };
		D3C09AB027A1538E005C546F /* Movies.json in Resources */ = {isa = PBXBuildFile; fileRef = D3C09AAF27A1538E005C546F /* Movies.json */; };
		D3C09AB227A15F9F005C546F /* GenericCarouselView.swift in Sources */ = {isa = PBXBuildFile; fileRef = D3C09AB127A15F9E005C546F /* GenericCarouselView.swift */; };
		D3C09AB527A1E3E9005C546F /* Macaw in Frameworks */ = {isa = PBXBuildFile; productRef = D3C09AB427A1E3E9005C546F /* Macaw */; };
		D3CF4445279C26E3000E499B /* ColorExtension.swift in Sources */ = {isa = PBXBuildFile; fileRef = D3CF4444279C26E3000E499B /* ColorExtension.swift */; };
		D3E06C77278B26320008E72A /* CinemaViewApp.swift in Sources */ = {isa = PBXBuildFile; fileRef = D3E06C76278B26320008E72A /* CinemaViewApp.swift */; };
		D3E06C79278B26320008E72A /* ContentView.swift in Sources */ = {isa = PBXBuildFile; fileRef = D3E06C78278B26320008E72A /* ContentView.swift */; };
		D3E06C7B278B26320008E72A /* Assets.xcassets in Resources */ = {isa = PBXBuildFile; fileRef = D3E06C7A278B26320008E72A /* Assets.xcassets */; };
		D3E06C7E278B26320008E72A /* Preview Assets.xcassets in Resources */ = {isa = PBXBuildFile; fileRef = D3E06C7D278B26320008E72A /* Preview Assets.xcassets */; };
		D3F72D7C27988ACF00AA25EB /* FilterByGenre.json in Resources */ = {isa = PBXBuildFile; fileRef = D3F72D7B27988ACF00AA25EB /* FilterByGenre.json */; };
		D3F72D7E27988AF300AA25EB /* DetailGenreFilterModel.swift in Sources */ = {isa = PBXBuildFile; fileRef = D3F72D7D27988AF300AA25EB /* DetailGenreFilterModel.swift */; };
/* End PBXBuildFile section */

/* Begin PBXFileReference section */
		D318B8DB2791F59D0004F042 /* Utils.swift */ = {isa = PBXFileReference; lastKnownFileType = sourcecode.swift; path = Utils.swift; sourceTree = "<group>"; };
		D318B8DD2791F5B20004F042 /* Constants.swift */ = {isa = PBXFileReference; lastKnownFileType = sourcecode.swift; path = Constants.swift; sourceTree = "<group>"; };
		D37FFEE8279DE2E0005CDD81 /* ImageLoader.swift */ = {isa = PBXFileReference; fileEncoding = 4; lastKnownFileType = sourcecode.swift; path = ImageLoader.swift; sourceTree = "<group>"; };
		D38D06CD279981AC002F871B /* DetailGenresViewModel.swift */ = {isa = PBXFileReference; lastKnownFileType = sourcecode.swift; path = DetailGenresViewModel.swift; sourceTree = "<group>"; };
		D38D06CE279981AC002F871B /* DetailGenresProvider.swift */ = {isa = PBXFileReference; lastKnownFileType = sourcecode.swift; path = DetailGenresProvider.swift; sourceTree = "<group>"; };
		D38D06CF279981AC002F871B /* DetailGenresView.swift */ = {isa = PBXFileReference; lastKnownFileType = sourcecode.swift; path = DetailGenresView.swift; sourceTree = "<group>"; };
		D38D06D0279981AC002F871B /* DetailGenresCoordinator.swift */ = {isa = PBXFileReference; lastKnownFileType = sourcecode.swift; path = DetailGenresCoordinator.swift; sourceTree = "<group>"; };
		D38D06D1279981AC002F871B /* DetailGenresInteractor.swift */ = {isa = PBXFileReference; lastKnownFileType = sourcecode.swift; path = DetailGenresInteractor.swift; sourceTree = "<group>"; };
		D38D06D727998488002F871B /* NewMoviesModel.swift */ = {isa = PBXFileReference; lastKnownFileType = sourcecode.swift; path = NewMoviesModel.swift; sourceTree = "<group>"; };
		D3912AC1279C608600CD8E5E /* TitleSectionView.swift */ = {isa = PBXFileReference; lastKnownFileType = sourcecode.swift; path = TitleSectionView.swift; sourceTree = "<group>"; };
		D39946962796D76E005E8D46 /* HomeView.swift */ = {isa = PBXFileReference; lastKnownFileType = sourcecode.swift; path = HomeView.swift; sourceTree = "<group>"; };
		D39FC3CE279849CF001F294B /* EmojiView.swift */ = {isa = PBXFileReference; lastKnownFileType = sourcecode.swift; path = EmojiView.swift; sourceTree = "<group>"; };
		D3B0644B27961A0D007A7BBE /* Genres.json */ = {isa = PBXFileReference; fileEncoding = 4; lastKnownFileType = text.json; path = Genres.json; sourceTree = "<group>"; };
		D3B0644D27961B27007A7BBE /* GenresModel.swift */ = {isa = PBXFileReference; lastKnownFileType = sourcecode.swift; path = GenresModel.swift; sourceTree = "<group>"; };
		D3B0645027961BAB007A7BBE /* GenresViewModel.swift */ = {isa = PBXFileReference; lastKnownFileType = sourcecode.swift; path = GenresViewModel.swift; sourceTree = "<group>"; };
		D3B0645127961BAB007A7BBE /* GenresProvider.swift */ = {isa = PBXFileReference; lastKnownFileType = sourcecode.swift; path = GenresProvider.swift; sourceTree = "<group>"; };
		D3B0645227961BAB007A7BBE /* GenresView.swift */ = {isa = PBXFileReference; lastKnownFileType = sourcecode.swift; path = GenresView.swift; sourceTree = "<group>"; };
		D3B0645327961BAB007A7BBE /* GenresCoordinator.swift */ = {isa = PBXFileReference; lastKnownFileType = sourcecode.swift; path = GenresCoordinator.swift; sourceTree = "<group>"; };
		D3B0645427961BAB007A7BBE /* GenresInteractor.swift */ = {isa = PBXFileReference; lastKnownFileType = sourcecode.swift; path = GenresInteractor.swift; sourceTree = "<group>"; };
		D3B0645B27961C54007A7BBE /* BaseVip.swift */ = {isa = PBXFileReference; lastKnownFileType = sourcecode.swift; path = BaseVip.swift; sourceTree = "<group>"; };
		D3B0645E27961CC2007A7BBE /* NetworkService.swift */ = {isa = PBXFileReference; fileEncoding = 4; lastKnownFileType = sourcecode.swift; path = NetworkService.swift; sourceTree = "<group>"; };
		D3B0645F27961CC2007A7BBE /* NetworkError.swift */ = {isa = PBXFileReference; fileEncoding = 4; lastKnownFileType = sourcecode.swift; path = NetworkError.swift; sourceTree = "<group>"; };
		D3B06465279624D5007A7BBE /* NewGenresModel.swift */ = {isa = PBXFileReference; lastKnownFileType = sourcecode.swift; path = NewGenresModel.swift; sourceTree = "<group>"; };
		D3C09AA127A150C9005C546F /* MoviesViewModel.swift */ = {isa = PBXFileReference; lastKnownFileType = sourcecode.swift; path = MoviesViewModel.swift; sourceTree = "<group>"; };
		D3C09AA227A150C9005C546F /* MoviesProvider.swift */ = {isa = PBXFileReference; lastKnownFileType = sourcecode.swift; path = MoviesProvider.swift; sourceTree = "<group>"; };
		D3C09AA327A150C9005C546F /* MoviesView.swift */ = {isa = PBXFileReference; lastKnownFileType = sourcecode.swift; path = MoviesView.swift; sourceTree = "<group>"; };
		D3C09AA427A150C9005C546F /* MoviesCoordinator.swift */ = {isa = PBXFileReference; lastKnownFileType = sourcecode.swift; path = MoviesCoordinator.swift; sourceTree = "<group>"; };
		D3C09AA527A150C9005C546F /* MoviesInteractor.swift */ = {isa = PBXFileReference; lastKnownFileType = sourcecode.swift; path = MoviesInteractor.swift; sourceTree = "<group>"; };
		D3C09AAD27A1532B005C546F /* MoviesModel.swift */ = {isa = PBXFileReference; lastKnownFileType = sourcecode.swift; path = MoviesModel.swift; sourceTree = "<group>"; };
		D3C09AAF27A1538E005C546F /* Movies.json */ = {isa = PBXFileReference; fileEncoding = 4; lastKnownFileType = text.json; path = Movies.json; sourceTree = "<group>"; };
		D3C09AB127A15F9E005C546F /* GenericCarouselView.swift */ = {isa = PBXFileReference; lastKnownFileType = sourcecode.swift; path = GenericCarouselView.swift; sourceTree = "<group>"; };
		D3CF4444279C26E3000E499B /* ColorExtension.swift */ = {isa = PBXFileReference; fileEncoding = 4; lastKnownFileType = sourcecode.swift; path = ColorExtension.swift; sourceTree = "<group>"; };
		D3E06C73278B26320008E72A /* CinemaView.app */ = {isa = PBXFileReference; explicitFileType = wrapper.application; includeInIndex = 0; path = CinemaView.app; sourceTree = BUILT_PRODUCTS_DIR; };
		D3E06C76278B26320008E72A /* CinemaViewApp.swift */ = {isa = PBXFileReference; lastKnownFileType = sourcecode.swift; path = CinemaViewApp.swift; sourceTree = "<group>"; };
		D3E06C78278B26320008E72A /* ContentView.swift */ = {isa = PBXFileReference; lastKnownFileType = sourcecode.swift; path = ContentView.swift; sourceTree = "<group>"; };
		D3E06C7A278B26320008E72A /* Assets.xcassets */ = {isa = PBXFileReference; lastKnownFileType = folder.assetcatalog; path = Assets.xcassets; sourceTree = "<group>"; };
		D3E06C7D278B26320008E72A /* Preview Assets.xcassets */ = {isa = PBXFileReference; lastKnownFileType = folder.assetcatalog; path = "Preview Assets.xcassets"; sourceTree = "<group>"; };
		D3F72D7B27988ACF00AA25EB /* FilterByGenre.json */ = {isa = PBXFileReference; fileEncoding = 4; lastKnownFileType = text.json; path = FilterByGenre.json; sourceTree = "<group>"; };
		D3F72D7D27988AF300AA25EB /* DetailGenreFilterModel.swift */ = {isa = PBXFileReference; lastKnownFileType = sourcecode.swift; path = DetailGenreFilterModel.swift; sourceTree = "<group>"; };
/* End PBXFileReference section */

/* Begin PBXFrameworksBuildPhase section */
		D3E06C70278B26320008E72A /* Frameworks */ = {
			isa = PBXFrameworksBuildPhase;
			buildActionMask = 2147483647;
			files = (
				D3C09AB527A1E3E9005C546F /* Macaw in Frameworks */,
			);
			runOnlyForDeploymentPostprocessing = 0;
		};
/* End PBXFrameworksBuildPhase section */

/* Begin PBXGroup section */
		D38D06CC27998186002F871B /* DetailGenresView */ = {
			isa = PBXGroup;
			children = (
				D38D06CF279981AC002F871B /* DetailGenresView.swift */,
				D38D06CD279981AC002F871B /* DetailGenresViewModel.swift */,
				D38D06D1279981AC002F871B /* DetailGenresInteractor.swift */,
				D38D06CE279981AC002F871B /* DetailGenresProvider.swift */,
				D38D06D0279981AC002F871B /* DetailGenresCoordinator.swift */,
			);
			path = DetailGenresView;
			sourceTree = "<group>";
		};
		D39946932796D6D5005E8D46 /* Home */ = {
			isa = PBXGroup;
			children = (
				D39946962796D76E005E8D46 /* HomeView.swift */,
			);
			path = Home;
			sourceTree = "<group>";
		};
		D39FC3CD279849BE001F294B /* Components */ = {
			isa = PBXGroup;
			children = (
				D39FC3CE279849CF001F294B /* EmojiView.swift */,
				D3912AC1279C608600CD8E5E /* TitleSectionView.swift */,
				D3C09AB127A15F9E005C546F /* GenericCarouselView.swift */,
			);
			path = Components;
			sourceTree = "<group>";
		};
		D3B0644F27961B9C007A7BBE /* GenresView */ = {
			isa = PBXGroup;
			children = (
				D3B0645227961BAB007A7BBE /* GenresView.swift */,
				D3B0645027961BAB007A7BBE /* GenresViewModel.swift */,
				D3B0645427961BAB007A7BBE /* GenresInteractor.swift */,
				D3B0645127961BAB007A7BBE /* GenresProvider.swift */,
				D3B0645327961BAB007A7BBE /* GenresCoordinator.swift */,
			);
			path = GenresView;
			sourceTree = "<group>";
		};
		D3B0645A27961C0C007A7BBE /* BaseVIP */ = {
			isa = PBXGroup;
			children = (
				D3B0645B27961C54007A7BBE /* BaseVip.swift */,
			);
			path = BaseVIP;
			sourceTree = "<group>";
		};
		D3B0645D27961CC2007A7BBE /* WebService */ = {
			isa = PBXGroup;
			children = (
				D3B0645E27961CC2007A7BBE /* NetworkService.swift */,
				D3B0645F27961CC2007A7BBE /* NetworkError.swift */,
			);
			path = WebService;
			sourceTree = "<group>";
		};
		D3B06462279622C4007A7BBE /* ModelView */ = {
			isa = PBXGroup;
			children = (
				D3B06465279624D5007A7BBE /* NewGenresModel.swift */,
				D38D06D727998488002F871B /* NewMoviesModel.swift */,
			);
			path = ModelView;
			sourceTree = "<group>";
		};
		D3C09AA027A14FC3005C546F /* Movie */ = {
			isa = PBXGroup;
			children = (
				D3C09AA327A150C9005C546F /* MoviesView.swift */,
				D3C09AA127A150C9005C546F /* MoviesViewModel.swift */,
				D3C09AA527A150C9005C546F /* MoviesInteractor.swift */,
				D3C09AA227A150C9005C546F /* MoviesProvider.swift */,
				D3C09AA427A150C9005C546F /* MoviesCoordinator.swift */,
			);
			path = Movie;
			sourceTree = "<group>";
		};
		D3D188092791906400C0F351 /* Resources */ = {
			isa = PBXGroup;
			children = (
				D3C09AAF27A1538E005C546F /* Movies.json */,
				D3F72D7B27988ACF00AA25EB /* FilterByGenre.json */,
				D3B0644B27961A0D007A7BBE /* Genres.json */,
			);
			path = Resources;
			sourceTree = "<group>";
		};
		D3D1880A2791907700C0F351 /* Core App */ = {
			isa = PBXGroup;
			children = (
				D3E06C76278B26320008E72A /* CinemaViewApp.swift */,
				D3E06C78278B26320008E72A /* ContentView.swift */,
			);
			path = "Core App";
			sourceTree = "<group>";
		};
		D3D1880B279190ED00C0F351 /* Models */ = {
			isa = PBXGroup;
			children = (
				D3B0644D27961B27007A7BBE /* GenresModel.swift */,
				D3F72D7D27988AF300AA25EB /* DetailGenreFilterModel.swift */,
				D3C09AAD27A1532B005C546F /* MoviesModel.swift */,
			);
			path = Models;
			sourceTree = "<group>";
		};
		D3D1880C2791911B00C0F351 /* Views */ = {
			isa = PBXGroup;
			children = (
				D39946932796D6D5005E8D46 /* Home */,
				D3B0644F27961B9C007A7BBE /* GenresView */,
				D38D06CC27998186002F871B /* DetailGenresView */,
				D3C09AA027A14FC3005C546F /* Movie */,
			);
			path = Views;
			sourceTree = "<group>";
		};
		D3D1880D2791915B00C0F351 /* Utils+Helpers */ = {
			isa = PBXGroup;
			children = (
				D37FFEE8279DE2E0005CDD81 /* ImageLoader.swift */,
				D3CF4444279C26E3000E499B /* ColorExtension.swift */,
				D318B8DB2791F59D0004F042 /* Utils.swift */,
				D318B8DD2791F5B20004F042 /* Constants.swift */,
			);
			path = "Utils+Helpers";
			sourceTree = "<group>";
		};
		D3E06C6A278B26320008E72A = {
			isa = PBXGroup;
			children = (
				D3E06C75278B26320008E72A /* CinemaView */,
				D3E06C74278B26320008E72A /* Products */,
			);
			sourceTree = "<group>";
		};
		D3E06C74278B26320008E72A /* Products */ = {
			isa = PBXGroup;
			children = (
				D3E06C73278B26320008E72A /* CinemaView.app */,
			);
			name = Products;
			sourceTree = "<group>";
		};
		D3E06C75278B26320008E72A /* CinemaView */ = {
			isa = PBXGroup;
			children = (
				D3D1880D2791915B00C0F351 /* Utils+Helpers */,
				D39FC3CD279849BE001F294B /* Components */,
				D3B0645D27961CC2007A7BBE /* WebService */,
				D3D188092791906400C0F351 /* Resources */,
				D3B06462279622C4007A7BBE /* ModelView */,
				D3D1880B279190ED00C0F351 /* Models */,
				D3D1880C2791911B00C0F351 /* Views */,
				D3B0645A27961C0C007A7BBE /* BaseVIP */,
				D3D1880A2791907700C0F351 /* Core App */,
				D3E06C7A278B26320008E72A /* Assets.xcassets */,
				D3E06C7C278B26320008E72A /* Preview Content */,
			);
			path = CinemaView;
			sourceTree = "<group>";
		};
		D3E06C7C278B26320008E72A /* Preview Content */ = {
			isa = PBXGroup;
			children = (
				D3E06C7D278B26320008E72A /* Preview Assets.xcassets */,
			);
			path = "Preview Content";
			sourceTree = "<group>";
		};
/* End PBXGroup section */

/* Begin PBXNativeTarget section */
		D3E06C72278B26320008E72A /* CinemaView */ = {
			isa = PBXNativeTarget;
			buildConfigurationList = D3E06C81278B26320008E72A /* Build configuration list for PBXNativeTarget "CinemaView" */;
			buildPhases = (
				D3E06C6F278B26320008E72A /* Sources */,
				D3E06C70278B26320008E72A /* Frameworks */,
				D3E06C71278B26320008E72A /* Resources */,
			);
			buildRules = (
			);
			dependencies = (
			);
			name = CinemaView;
			packageProductDependencies = (
				D3C09AB427A1E3E9005C546F /* Macaw */,
			);
			productName = CinemaView;
			productReference = D3E06C73278B26320008E72A /* CinemaView.app */;
			productType = "com.apple.product-type.application";
		};
/* End PBXNativeTarget section */

/* Begin PBXProject section */
		D3E06C6B278B26320008E72A /* Project object */ = {
			isa = PBXProject;
			attributes = {
				BuildIndependentTargetsInParallel = 1;
				LastSwiftUpdateCheck = 1320;
				LastUpgradeCheck = 1320;
				TargetAttributes = {
					D3E06C72278B26320008E72A = {
						CreatedOnToolsVersion = 13.2.1;
					};
				};
			};
			buildConfigurationList = D3E06C6E278B26320008E72A /* Build configuration list for PBXProject "CinemaView" */;
			compatibilityVersion = "Xcode 13.0";
			developmentRegion = en;
			hasScannedForEncodings = 0;
			knownRegions = (
				en,
				Base,
				es,
			);
			mainGroup = D3E06C6A278B26320008E72A;
			packageReferences = (
				D3C09AB327A1E3E9005C546F /* XCRemoteSwiftPackageReference "Macaw" */,
			);
			productRefGroup = D3E06C74278B26320008E72A /* Products */;
			projectDirPath = "";
			projectRoot = "";
			targets = (
				D3E06C72278B26320008E72A /* CinemaView */,
			);
		};
/* End PBXProject section */

/* Begin PBXResourcesBuildPhase section */
		D3E06C71278B26320008E72A /* Resources */ = {
			isa = PBXResourcesBuildPhase;
			buildActionMask = 2147483647;
			files = (
				D3E06C7E278B26320008E72A /* Preview Assets.xcassets in Resources */,
				D3E06C7B278B26320008E72A /* Assets.xcassets in Resources */,
				D3C09AB027A1538E005C546F /* Movies.json in Resources */,
				D3F72D7C27988ACF00AA25EB /* FilterByGenre.json in Resources */,
				D3B0644C27961A0D007A7BBE /* Genres.json in Resources */,
			);
			runOnlyForDeploymentPostprocessing = 0;
		};
/* End PBXResourcesBuildPhase section */

/* Begin PBXSourcesBuildPhase section */
		D3E06C6F278B26320008E72A /* Sources */ = {
			isa = PBXSourcesBuildPhase;
			buildActionMask = 2147483647;
			files = (
				D3B0645927961BAB007A7BBE /* GenresInteractor.swift in Sources */,
				D38D06D6279981AC002F871B /* DetailGenresInteractor.swift in Sources */,
				D3B0645627961BAB007A7BBE /* GenresProvider.swift in Sources */,
				D3C09AA927A150C9005C546F /* MoviesCoordinator.swift in Sources */,
				D3CF4445279C26E3000E499B /* ColorExtension.swift in Sources */,
				D3B0645827961BAB007A7BBE /* GenresCoordinator.swift in Sources */,
				D38D06D2279981AC002F871B /* DetailGenresViewModel.swift in Sources */,
				D39946972796D76E005E8D46 /* HomeView.swift in Sources */,
				D3C09AAE27A1532B005C546F /* MoviesModel.swift in Sources */,
				D3E06C79278B26320008E72A /* ContentView.swift in Sources */,
				D3C09AAA27A150C9005C546F /* MoviesInteractor.swift in Sources */,
				D3B0645727961BAB007A7BBE /* GenresView.swift in Sources */,
				D3E06C77278B26320008E72A /* CinemaViewApp.swift in Sources */,
				D318B8DC2791F59D0004F042 /* Utils.swift in Sources */,
				D38D06D5279981AC002F871B /* DetailGenresCoordinator.swift in Sources */,
				D37FFEE9279DE2E0005CDD81 /* ImageLoader.swift in Sources */,
				D38D06D3279981AC002F871B /* DetailGenresProvider.swift in Sources */,
				D318B8DE2791F5B20004F042 /* Constants.swift in Sources */,
				D38D06D4279981AC002F871B /* DetailGenresView.swift in Sources */,
				D3F72D7E27988AF300AA25EB /* DetailGenreFilterModel.swift in Sources */,
				D39FC3CF279849CF001F294B /* EmojiView.swift in Sources */,
				D3B0645527961BAB007A7BBE /* GenresViewModel.swift in Sources */,
				D3C09AA827A150C9005C546F /* MoviesView.swift in Sources */,
				D3B0645C27961C54007A7BBE /* BaseVip.swift in Sources */,
				D3912AC2279C608600CD8E5E /* TitleSectionView.swift in Sources */,
				D3C09AA727A150C9005C546F /* MoviesProvider.swift in Sources */,
				D3B06466279624D5007A7BBE /* NewGenresModel.swift in Sources */,
				D3C09AB227A15F9F005C546F /* GenericCarouselView.swift in Sources */,
				D3C09AA627A150C9005C546F /* MoviesViewModel.swift in Sources */,
				D3B0646127961CC2007A7BBE /* NetworkError.swift in Sources */,
				D3B0646027961CC2007A7BBE /* NetworkService.swift in Sources */,
				D3B0644E27961B27007A7BBE /* GenresModel.swift in Sources */,
				D38D06D827998488002F871B /* NewMoviesModel.swift in Sources */,
			);
			runOnlyForDeploymentPostprocessing = 0;
		};
/* End PBXSourcesBuildPhase section */

/* Begin XCBuildConfiguration section */
		D3E06C7F278B26320008E72A /* Debug */ = {
			isa = XCBuildConfiguration;
			buildSettings = {
				ALWAYS_SEARCH_USER_PATHS = NO;
				CLANG_ANALYZER_NONNULL = YES;
				CLANG_ANALYZER_NUMBER_OBJECT_CONVERSION = YES_AGGRESSIVE;
				CLANG_CXX_LANGUAGE_STANDARD = "gnu++17";
				CLANG_CXX_LIBRARY = "libc++";
				CLANG_ENABLE_MODULES = YES;
				CLANG_ENABLE_OBJC_ARC = YES;
				CLANG_ENABLE_OBJC_WEAK = YES;
				CLANG_WARN_BLOCK_CAPTURE_AUTORELEASING = YES;
				CLANG_WARN_BOOL_CONVERSION = YES;
				CLANG_WARN_COMMA = YES;
				CLANG_WARN_CONSTANT_CONVERSION = YES;
				CLANG_WARN_DEPRECATED_OBJC_IMPLEMENTATIONS = YES;
				CLANG_WARN_DIRECT_OBJC_ISA_USAGE = YES_ERROR;
				CLANG_WARN_DOCUMENTATION_COMMENTS = YES;
				CLANG_WARN_EMPTY_BODY = YES;
				CLANG_WARN_ENUM_CONVERSION = YES;
				CLANG_WARN_INFINITE_RECURSION = YES;
				CLANG_WARN_INT_CONVERSION = YES;
				CLANG_WARN_NON_LITERAL_NULL_CONVERSION = YES;
				CLANG_WARN_OBJC_IMPLICIT_RETAIN_SELF = YES;
				CLANG_WARN_OBJC_LITERAL_CONVERSION = YES;
				CLANG_WARN_OBJC_ROOT_CLASS = YES_ERROR;
				CLANG_WARN_QUOTED_INCLUDE_IN_FRAMEWORK_HEADER = YES;
				CLANG_WARN_RANGE_LOOP_ANALYSIS = YES;
				CLANG_WARN_STRICT_PROTOTYPES = YES;
				CLANG_WARN_SUSPICIOUS_MOVE = YES;
				CLANG_WARN_UNGUARDED_AVAILABILITY = YES_AGGRESSIVE;
				CLANG_WARN_UNREACHABLE_CODE = YES;
				CLANG_WARN__DUPLICATE_METHOD_MATCH = YES;
				COPY_PHASE_STRIP = NO;
				DEBUG_INFORMATION_FORMAT = dwarf;
				ENABLE_STRICT_OBJC_MSGSEND = YES;
				ENABLE_TESTABILITY = YES;
				GCC_C_LANGUAGE_STANDARD = gnu11;
				GCC_DYNAMIC_NO_PIC = NO;
				GCC_NO_COMMON_BLOCKS = YES;
				GCC_OPTIMIZATION_LEVEL = 0;
				GCC_PREPROCESSOR_DEFINITIONS = (
					"DEBUG=1",
					"$(inherited)",
				);
				GCC_WARN_64_TO_32_BIT_CONVERSION = YES;
				GCC_WARN_ABOUT_RETURN_TYPE = YES_ERROR;
				GCC_WARN_UNDECLARED_SELECTOR = YES;
				GCC_WARN_UNINITIALIZED_AUTOS = YES_AGGRESSIVE;
				GCC_WARN_UNUSED_FUNCTION = YES;
				GCC_WARN_UNUSED_VARIABLE = YES;
				IPHONEOS_DEPLOYMENT_TARGET = 15.2;
				MTL_ENABLE_DEBUG_INFO = INCLUDE_SOURCE;
				MTL_FAST_MATH = YES;
				ONLY_ACTIVE_ARCH = YES;
				SDKROOT = iphoneos;
				SWIFT_ACTIVE_COMPILATION_CONDITIONS = DEBUG;
				SWIFT_OPTIMIZATION_LEVEL = "-Onone";
			};
			name = Debug;
		};
		D3E06C80278B26320008E72A /* Release */ = {
			isa = XCBuildConfiguration;
			buildSettings = {
				ALWAYS_SEARCH_USER_PATHS = NO;
				CLANG_ANALYZER_NONNULL = YES;
				CLANG_ANALYZER_NUMBER_OBJECT_CONVERSION = YES_AGGRESSIVE;
				CLANG_CXX_LANGUAGE_STANDARD = "gnu++17";
				CLANG_CXX_LIBRARY = "libc++";
				CLANG_ENABLE_MODULES = YES;
				CLANG_ENABLE_OBJC_ARC = YES;
				CLANG_ENABLE_OBJC_WEAK = YES;
				CLANG_WARN_BLOCK_CAPTURE_AUTORELEASING = YES;
				CLANG_WARN_BOOL_CONVERSION = YES;
				CLANG_WARN_COMMA = YES;
				CLANG_WARN_CONSTANT_CONVERSION = YES;
				CLANG_WARN_DEPRECATED_OBJC_IMPLEMENTATIONS = YES;
				CLANG_WARN_DIRECT_OBJC_ISA_USAGE = YES_ERROR;
				CLANG_WARN_DOCUMENTATION_COMMENTS = YES;
				CLANG_WARN_EMPTY_BODY = YES;
				CLANG_WARN_ENUM_CONVERSION = YES;
				CLANG_WARN_INFINITE_RECURSION = YES;
				CLANG_WARN_INT_CONVERSION = YES;
				CLANG_WARN_NON_LITERAL_NULL_CONVERSION = YES;
				CLANG_WARN_OBJC_IMPLICIT_RETAIN_SELF = YES;
				CLANG_WARN_OBJC_LITERAL_CONVERSION = YES;
				CLANG_WARN_OBJC_ROOT_CLASS = YES_ERROR;
				CLANG_WARN_QUOTED_INCLUDE_IN_FRAMEWORK_HEADER = YES;
				CLANG_WARN_RANGE_LOOP_ANALYSIS = YES;
				CLANG_WARN_STRICT_PROTOTYPES = YES;
				CLANG_WARN_SUSPICIOUS_MOVE = YES;
				CLANG_WARN_UNGUARDED_AVAILABILITY = YES_AGGRESSIVE;
				CLANG_WARN_UNREACHABLE_CODE = YES;
				CLANG_WARN__DUPLICATE_METHOD_MATCH = YES;
				COPY_PHASE_STRIP = NO;
				DEBUG_INFORMATION_FORMAT = "dwarf-with-dsym";
				ENABLE_NS_ASSERTIONS = NO;
				ENABLE_STRICT_OBJC_MSGSEND = YES;
				GCC_C_LANGUAGE_STANDARD = gnu11;
				GCC_NO_COMMON_BLOCKS = YES;
				GCC_WARN_64_TO_32_BIT_CONVERSION = YES;
				GCC_WARN_ABOUT_RETURN_TYPE = YES_ERROR;
				GCC_WARN_UNDECLARED_SELECTOR = YES;
				GCC_WARN_UNINITIALIZED_AUTOS = YES_AGGRESSIVE;
				GCC_WARN_UNUSED_FUNCTION = YES;
				GCC_WARN_UNUSED_VARIABLE = YES;
				IPHONEOS_DEPLOYMENT_TARGET = 15.2;
				MTL_ENABLE_DEBUG_INFO = NO;
				MTL_FAST_MATH = YES;
				SDKROOT = iphoneos;
				SWIFT_COMPILATION_MODE = wholemodule;
				SWIFT_OPTIMIZATION_LEVEL = "-O";
				VALIDATE_PRODUCT = YES;
			};
			name = Release;
		};
		D3E06C82278B26320008E72A /* Debug */ = {
			isa = XCBuildConfiguration;
			buildSettings = {
				ASSETCATALOG_COMPILER_APPICON_NAME = AppIcon;
				ASSETCATALOG_COMPILER_GLOBAL_ACCENT_COLOR_NAME = AccentColor;
				CODE_SIGN_STYLE = Automatic;
				CURRENT_PROJECT_VERSION = 1;
				DEVELOPMENT_ASSET_PATHS = "\"CinemaView/Preview Content\"";
				DEVELOPMENT_TEAM = BK28MGPK85;
				ENABLE_PREVIEWS = YES;
				GENERATE_INFOPLIST_FILE = YES;
				INFOPLIST_KEY_UIApplicationSceneManifest_Generation = YES;
				INFOPLIST_KEY_UIApplicationSupportsIndirectInputEvents = YES;
				INFOPLIST_KEY_UILaunchScreen_Generation = YES;
				INFOPLIST_KEY_UISupportedInterfaceOrientations_iPad = "UIInterfaceOrientationPortrait UIInterfaceOrientationPortraitUpsideDown UIInterfaceOrientationLandscapeLeft UIInterfaceOrientationLandscapeRight";
				INFOPLIST_KEY_UISupportedInterfaceOrientations_iPhone = "UIInterfaceOrientationPortrait UIInterfaceOrientationLandscapeLeft UIInterfaceOrientationLandscapeRight";
				LD_RUNPATH_SEARCH_PATHS = (
					"$(inherited)",
					"@executable_path/Frameworks",
				);
				MARKETING_VERSION = 1.0;
				PRODUCT_BUNDLE_IDENTIFIER = Momo.CinemaView;
				PRODUCT_NAME = "$(TARGET_NAME)";
				SWIFT_EMIT_LOC_STRINGS = YES;
				SWIFT_VERSION = 5.0;
				TARGETED_DEVICE_FAMILY = 1;
			};
			name = Debug;
		};
		D3E06C83278B26320008E72A /* Release */ = {
			isa = XCBuildConfiguration;
			buildSettings = {
				ASSETCATALOG_COMPILER_APPICON_NAME = AppIcon;
				ASSETCATALOG_COMPILER_GLOBAL_ACCENT_COLOR_NAME = AccentColor;
				CODE_SIGN_STYLE = Automatic;
				CURRENT_PROJECT_VERSION = 1;
				DEVELOPMENT_ASSET_PATHS = "\"CinemaView/Preview Content\"";
				DEVELOPMENT_TEAM = BK28MGPK85;
				ENABLE_PREVIEWS = YES;
				GENERATE_INFOPLIST_FILE = YES;
				INFOPLIST_KEY_UIApplicationSceneManifest_Generation = YES;
				INFOPLIST_KEY_UIApplicationSupportsIndirectInputEvents = YES;
				INFOPLIST_KEY_UILaunchScreen_Generation = YES;
				INFOPLIST_KEY_UISupportedInterfaceOrientations_iPad = "UIInterfaceOrientationPortrait UIInterfaceOrientationPortraitUpsideDown UIInterfaceOrientationLandscapeLeft UIInterfaceOrientationLandscapeRight";
				INFOPLIST_KEY_UISupportedInterfaceOrientations_iPhone = "UIInterfaceOrientationPortrait UIInterfaceOrientationLandscapeLeft UIInterfaceOrientationLandscapeRight";
				LD_RUNPATH_SEARCH_PATHS = (
					"$(inherited)",
					"@executable_path/Frameworks",
				);
				MARKETING_VERSION = 1.0;
				PRODUCT_BUNDLE_IDENTIFIER = Momo.CinemaView;
				PRODUCT_NAME = "$(TARGET_NAME)";
				SWIFT_EMIT_LOC_STRINGS = YES;
				SWIFT_VERSION = 5.0;
				TARGETED_DEVICE_FAMILY = 1;
			};
			name = Release;
		};
/* End XCBuildConfiguration section */

/* Begin XCConfigurationList section */
		D3E06C6E278B26320008E72A /* Build configuration list for PBXProject "CinemaView" */ = {
			isa = XCConfigurationList;
			buildConfigurations = (
				D3E06C7F278B26320008E72A /* Debug */,
				D3E06C80278B26320008E72A /* Release */,
			);
			defaultConfigurationIsVisible = 0;
			defaultConfigurationName = Release;
		};
		D3E06C81278B26320008E72A /* Build configuration list for PBXNativeTarget "CinemaView" */ = {
			isa = XCConfigurationList;
			buildConfigurations = (
				D3E06C82278B26320008E72A /* Debug */,
				D3E06C83278B26320008E72A /* Release */,
			);
			defaultConfigurationIsVisible = 0;
			defaultConfigurationName = Release;
		};
/* End XCConfigurationList section */

/* Begin XCRemoteSwiftPackageReference section */
		D3C09AB327A1E3E9005C546F /* XCRemoteSwiftPackageReference "Macaw" */ = {
			isa = XCRemoteSwiftPackageReference;
			repositoryURL = "https://github.com/exyte/Macaw.git";
			requirement = {
				branch = master;
				kind = branch;
			};
		};
/* End XCRemoteSwiftPackageReference section */

/* Begin XCSwiftPackageProductDependency section */
		D3C09AB427A1E3E9005C546F /* Macaw */ = {
			isa = XCSwiftPackageProductDependency;
			package = D3C09AB327A1E3E9005C546F /* XCRemoteSwiftPackageReference "Macaw" */;
			productName = Macaw;
		};
/* End XCSwiftPackageProductDependency section */
	};
	rootObject = D3E06C6B278B26320008E72A /* Project object */;
}
